
Microsoft Visual Studio Solution File, Format Version 12.00
# Visual Studio 15
VisualStudioVersion = 15.0.28307.489
MinimumVisualStudioVersion = 10.0.40219.1
Project("{FAE04EC0-301F-11D3-BF4B-00C04F79EFBC}") = "Snake", "ConsoleApp5\Snake.csproj", "{A926C5BB-B23D-442C-94A0-E260E125555E}"
EndProject
Global
	GlobalSection(SolutionConfigurationPlatforms) = preSolution
		Debug|Any CPU = Debug|Any CPU
		Release|Any CPU = Release|Any CPU
	EndGlobalSection
	GlobalSection(ProjectConfigurationPlatforms) = postSolution
		{A926C5BB-B23D-442C-94A0-E260E125555E}.Debug|Any CPU.ActiveCfg = Debug|Any CPU
		{A926C5BB-B23D-442C-94A0-E260E125555E}.Debug|Any CPU.Build.0 = Debug|Any CPU
		{A926C5BB-B23D-442C-94A0-E260E125555E}.Release|Any CPU.ActiveCfg = Release|Any CPU
		{A926C5BB-B23D-442C-94A0-E260E125555E}.Release|Any CPU.Build.0 = Release|Any CPU
	EndGlobalSection
	GlobalSection(SolutionProperties) = preSolution
		HideSolutionNode = FALSE
	EndGlobalSection
	GlobalSection(ExtensibilityGlobals) = postSolution
		SolutionGuid = {2FF19E04-5595-404F-9EFE-57008939CCB3}
	EndGlobalSection
EndGlobal
